
Microsoft Visual Studio Solution File, Format Version 12.00
# Visual Studio Version 17
VisualStudioVersion = 17.7.34202.233
MinimumVisualStudioVersion = 10.0.40219.1
Project("{FAE04EC0-301F-11D3-BF4B-00C04F79EFBC}") = "EnumGL", "EnumGL\EnumGL.csproj", "{F48B4CDB-E12F-4FBA-8990-AA01A1C97BFB}"
EndProject
Global
	GlobalSection(SolutionConfigurationPlatforms) = preSolution
		Debug|Any CPU = Debug|Any CPU
		Release|Any CPU = Release|Any CPU
	EndGlobalSection
	GlobalSection(ProjectConfigurationPlatforms) = postSolution
		{F48B4CDB-E12F-4FBA-8990-AA01A1C97BFB}.Debug|Any CPU.ActiveCfg = Debug|Any CPU
		{F48B4CDB-E12F-4FBA-8990-AA01A1C97BFB}.Debug|Any CPU.Build.0 = Debug|Any CPU
		{F48B4CDB-E12F-4FBA-8990-AA01A1C97BFB}.Release|Any CPU.ActiveCfg = Release|Any CPU
		{F48B4CDB-E12F-4FBA-8990-AA01A1C97BFB}.Release|Any CPU.Build.0 = Release|Any CPU
	EndGlobalSection
	GlobalSection(SolutionProperties) = preSolution
		HideSolutionNode = FALSE
	EndGlobalSection
	GlobalSection(ExtensibilityGlobals) = postSolution
		SolutionGuid = {3F3E86CD-3263-471E-A7B6-7B3240DBCBA7}
	EndGlobalSection
EndGlobal
