
Microsoft Visual Studio Solution File, Format Version 12.00
# Visual Studio Version 17
VisualStudioVersion = 17.5.33516.290
MinimumVisualStudioVersion = 10.0.40219.1
Project("{FAE04EC0-301F-11D3-BF4B-00C04F79EFBC}") = "Teilnehmerverwaltung V2.1", "Teilnehmerverwaltung V2.1\Teilnehmerverwaltung V2.1.csproj", "{261D29A6-600D-4B7F-8059-6A66932D8EDD}"
EndProject
Global
	GlobalSection(SolutionConfigurationPlatforms) = preSolution
		Debug|Any CPU = Debug|Any CPU
		Release|Any CPU = Release|Any CPU
	EndGlobalSection
	GlobalSection(ProjectConfigurationPlatforms) = postSolution
		{261D29A6-600D-4B7F-8059-6A66932D8EDD}.Debug|Any CPU.ActiveCfg = Debug|Any CPU
		{261D29A6-600D-4B7F-8059-6A66932D8EDD}.Debug|Any CPU.Build.0 = Debug|Any CPU
		{261D29A6-600D-4B7F-8059-6A66932D8EDD}.Release|Any CPU.ActiveCfg = Release|Any CPU
		{261D29A6-600D-4B7F-8059-6A66932D8EDD}.Release|Any CPU.Build.0 = Release|Any CPU
	EndGlobalSection
	GlobalSection(SolutionProperties) = preSolution
		HideSolutionNode = FALSE
	EndGlobalSection
	GlobalSection(ExtensibilityGlobals) = postSolution
		SolutionGuid = {743EC773-9C37-4BCB-99D9-F5DA3A702142}
	EndGlobalSection
EndGlobal
