
Microsoft Visual Studio Solution File, Format Version 12.00
# Visual Studio Version 17
VisualStudioVersion = 17.7.34031.279
MinimumVisualStudioVersion = 10.0.40219.1
Project("{FAE04EC0-301F-11D3-BF4B-00C04F79EFBC}") = "Teilnehmer Verwaltung V1.0", "Teilnehmer Verwaltung V1.0\Teilnehmer Verwaltung V1.0.csproj", "{DCA41A1B-629E-4601-BA80-486ED2FA46C7}"
EndProject
Global
	GlobalSection(SolutionConfigurationPlatforms) = preSolution
		Debug|Any CPU = Debug|Any CPU
		Release|Any CPU = Release|Any CPU
	EndGlobalSection
	GlobalSection(ProjectConfigurationPlatforms) = postSolution
		{DCA41A1B-629E-4601-BA80-486ED2FA46C7}.Debug|Any CPU.ActiveCfg = Debug|Any CPU
		{DCA41A1B-629E-4601-BA80-486ED2FA46C7}.Debug|Any CPU.Build.0 = Debug|Any CPU
		{DCA41A1B-629E-4601-BA80-486ED2FA46C7}.Release|Any CPU.ActiveCfg = Release|Any CPU
		{DCA41A1B-629E-4601-BA80-486ED2FA46C7}.Release|Any CPU.Build.0 = Release|Any CPU
	EndGlobalSection
	GlobalSection(SolutionProperties) = preSolution
		HideSolutionNode = FALSE
	EndGlobalSection
	GlobalSection(ExtensibilityGlobals) = postSolution
		SolutionGuid = {B852E0CD-8105-4AD9-B47A-F391BA0FDAB5}
	EndGlobalSection
EndGlobal
