
Microsoft Visual Studio Solution File, Format Version 12.00
# Visual Studio Version 17
VisualStudioVersion = 17.7.34202.233
MinimumVisualStudioVersion = 10.0.40219.1
Project("{FAE04EC0-301F-11D3-BF4B-00C04F79EFBC}") = "Methoden", "Methoden\Methoden.csproj", "{6268C91F-33D7-4556-AE04-334A0A1043F9}"
EndProject
Global
	GlobalSection(SolutionConfigurationPlatforms) = preSolution
		Debug|Any CPU = Debug|Any CPU
		Release|Any CPU = Release|Any CPU
	EndGlobalSection
	GlobalSection(ProjectConfigurationPlatforms) = postSolution
		{6268C91F-33D7-4556-AE04-334A0A1043F9}.Debug|Any CPU.ActiveCfg = Debug|Any CPU
		{6268C91F-33D7-4556-AE04-334A0A1043F9}.Debug|Any CPU.Build.0 = Debug|Any CPU
		{6268C91F-33D7-4556-AE04-334A0A1043F9}.Release|Any CPU.ActiveCfg = Release|Any CPU
		{6268C91F-33D7-4556-AE04-334A0A1043F9}.Release|Any CPU.Build.0 = Release|Any CPU
	EndGlobalSection
	GlobalSection(SolutionProperties) = preSolution
		HideSolutionNode = FALSE
	EndGlobalSection
	GlobalSection(ExtensibilityGlobals) = postSolution
		SolutionGuid = {8285C94F-715C-48C6-B42D-76761BF076C7}
	EndGlobalSection
EndGlobal
