
Microsoft Visual Studio Solution File, Format Version 12.00
# Visual Studio Version 17
VisualStudioVersion = 17.7.34202.233
MinimumVisualStudioVersion = 10.0.40219.1
Project("{FAE04EC0-301F-11D3-BF4B-00C04F79EFBC}") = "KlassenGL", "KlassenGL\KlassenGL.csproj", "{1395463B-0933-4E8F-A048-FF5D72CF5BBE}"
EndProject
Global
	GlobalSection(SolutionConfigurationPlatforms) = preSolution
		Debug|Any CPU = Debug|Any CPU
		Release|Any CPU = Release|Any CPU
	EndGlobalSection
	GlobalSection(ProjectConfigurationPlatforms) = postSolution
		{1395463B-0933-4E8F-A048-FF5D72CF5BBE}.Debug|Any CPU.ActiveCfg = Debug|Any CPU
		{1395463B-0933-4E8F-A048-FF5D72CF5BBE}.Debug|Any CPU.Build.0 = Debug|Any CPU
		{1395463B-0933-4E8F-A048-FF5D72CF5BBE}.Release|Any CPU.ActiveCfg = Release|Any CPU
		{1395463B-0933-4E8F-A048-FF5D72CF5BBE}.Release|Any CPU.Build.0 = Release|Any CPU
	EndGlobalSection
	GlobalSection(SolutionProperties) = preSolution
		HideSolutionNode = FALSE
	EndGlobalSection
	GlobalSection(ExtensibilityGlobals) = postSolution
		SolutionGuid = {A585C5B4-F03F-4291-A4CA-2579B4CAD934}
	EndGlobalSection
EndGlobal
