
Microsoft Visual Studio Solution File, Format Version 12.00
# Visual Studio Version 17
VisualStudioVersion = 17.7.34202.233
MinimumVisualStudioVersion = 10.0.40219.1
Project("{FAE04EC0-301F-11D3-BF4B-00C04F79EFBC}") = "TestRechnen", "TestRechnen\TestRechnen.csproj", "{C6714A96-2D3E-4CDF-AC90-786B65E7283F}"
EndProject
Global
	GlobalSection(SolutionConfigurationPlatforms) = preSolution
		Debug|Any CPU = Debug|Any CPU
		Release|Any CPU = Release|Any CPU
	EndGlobalSection
	GlobalSection(ProjectConfigurationPlatforms) = postSolution
		{C6714A96-2D3E-4CDF-AC90-786B65E7283F}.Debug|Any CPU.ActiveCfg = Debug|Any CPU
		{C6714A96-2D3E-4CDF-AC90-786B65E7283F}.Debug|Any CPU.Build.0 = Debug|Any CPU
		{C6714A96-2D3E-4CDF-AC90-786B65E7283F}.Release|Any CPU.ActiveCfg = Release|Any CPU
		{C6714A96-2D3E-4CDF-AC90-786B65E7283F}.Release|Any CPU.Build.0 = Release|Any CPU
	EndGlobalSection
	GlobalSection(SolutionProperties) = preSolution
		HideSolutionNode = FALSE
	EndGlobalSection
	GlobalSection(ExtensibilityGlobals) = postSolution
		SolutionGuid = {3646CDC0-E94E-4EB0-A696-9C36E44314CD}
	EndGlobalSection
EndGlobal
