
Microsoft Visual Studio Solution File, Format Version 12.00
# Visual Studio Version 17
VisualStudioVersion = 17.7.34202.233
MinimumVisualStudioVersion = 10.0.40219.1
Project("{FAE04EC0-301F-11D3-BF4B-00C04F79EFBC}") = "Klassen_OOP", "Klassen_OOP\Klassen_OOP.csproj", "{98AA0F86-2932-4746-BA9C-6DD38C493301}"
EndProject
Global
	GlobalSection(SolutionConfigurationPlatforms) = preSolution
		Debug|Any CPU = Debug|Any CPU
		Release|Any CPU = Release|Any CPU
	EndGlobalSection
	GlobalSection(ProjectConfigurationPlatforms) = postSolution
		{98AA0F86-2932-4746-BA9C-6DD38C493301}.Debug|Any CPU.ActiveCfg = Debug|Any CPU
		{98AA0F86-2932-4746-BA9C-6DD38C493301}.Debug|Any CPU.Build.0 = Debug|Any CPU
		{98AA0F86-2932-4746-BA9C-6DD38C493301}.Release|Any CPU.ActiveCfg = Release|Any CPU
		{98AA0F86-2932-4746-BA9C-6DD38C493301}.Release|Any CPU.Build.0 = Release|Any CPU
	EndGlobalSection
	GlobalSection(SolutionProperties) = preSolution
		HideSolutionNode = FALSE
	EndGlobalSection
	GlobalSection(ExtensibilityGlobals) = postSolution
		SolutionGuid = {3927DCB7-626B-469A-B015-AED484F87511}
	EndGlobalSection
EndGlobal
