
Microsoft Visual Studio Solution File, Format Version 12.00
# Visual Studio Version 17
VisualStudioVersion = 17.7.34031.279
MinimumVisualStudioVersion = 10.0.40219.1
Project("{FAE04EC0-301F-11D3-BF4B-00C04F79EFBC}") = "LottoNumberGenerator", "LottoNumberGenerator\LottoNumberGenerator.csproj", "{0872E98B-6A36-4820-B2BF-D0B073175682}"
EndProject
Global
	GlobalSection(SolutionConfigurationPlatforms) = preSolution
		Debug|Any CPU = Debug|Any CPU
		Release|Any CPU = Release|Any CPU
	EndGlobalSection
	GlobalSection(ProjectConfigurationPlatforms) = postSolution
		{0872E98B-6A36-4820-B2BF-D0B073175682}.Debug|Any CPU.ActiveCfg = Debug|Any CPU
		{0872E98B-6A36-4820-B2BF-D0B073175682}.Debug|Any CPU.Build.0 = Debug|Any CPU
		{0872E98B-6A36-4820-B2BF-D0B073175682}.Release|Any CPU.ActiveCfg = Release|Any CPU
		{0872E98B-6A36-4820-B2BF-D0B073175682}.Release|Any CPU.Build.0 = Release|Any CPU
	EndGlobalSection
	GlobalSection(SolutionProperties) = preSolution
		HideSolutionNode = FALSE
	EndGlobalSection
	GlobalSection(ExtensibilityGlobals) = postSolution
		SolutionGuid = {C64E97F2-5C2D-4346-9385-056009775314}
	EndGlobalSection
EndGlobal
