
Microsoft Visual Studio Solution File, Format Version 12.00
# Visual Studio Version 17
VisualStudioVersion = 17.7.34031.279
MinimumVisualStudioVersion = 10.0.40219.1
Project("{FAE04EC0-301F-11D3-BF4B-00C04F79EFBC}") = "Calculator_course", "Calculator_course\Calculator_course.csproj", "{CE468905-14AF-40A2-8C63-465C1AD9FCA0}"
EndProject
Global
	GlobalSection(SolutionConfigurationPlatforms) = preSolution
		Debug|Any CPU = Debug|Any CPU
		Release|Any CPU = Release|Any CPU
	EndGlobalSection
	GlobalSection(ProjectConfigurationPlatforms) = postSolution
		{CE468905-14AF-40A2-8C63-465C1AD9FCA0}.Debug|Any CPU.ActiveCfg = Debug|Any CPU
		{CE468905-14AF-40A2-8C63-465C1AD9FCA0}.Debug|Any CPU.Build.0 = Debug|Any CPU
		{CE468905-14AF-40A2-8C63-465C1AD9FCA0}.Release|Any CPU.ActiveCfg = Release|Any CPU
		{CE468905-14AF-40A2-8C63-465C1AD9FCA0}.Release|Any CPU.Build.0 = Release|Any CPU
	EndGlobalSection
	GlobalSection(SolutionProperties) = preSolution
		HideSolutionNode = FALSE
	EndGlobalSection
	GlobalSection(ExtensibilityGlobals) = postSolution
		SolutionGuid = {2F98C77D-FCDD-4204-AD7A-799D3BC27D54}
	EndGlobalSection
EndGlobal
