
Microsoft Visual Studio Solution File, Format Version 12.00
# Visual Studio Version 17
VisualStudioVersion = 17.7.34018.315
MinimumVisualStudioVersion = 10.0.40219.1
Project("{FAE04EC0-301F-11D3-BF4B-00C04F79EFBC}") = "DatenTypenGL", "DatenTypenGL\DatenTypenGL.csproj", "{D52FD5F1-5E2F-4014-8AA5-883B9AE4F26C}"
EndProject
Global
	GlobalSection(SolutionConfigurationPlatforms) = preSolution
		Debug|Any CPU = Debug|Any CPU
		Release|Any CPU = Release|Any CPU
	EndGlobalSection
	GlobalSection(ProjectConfigurationPlatforms) = postSolution
		{D52FD5F1-5E2F-4014-8AA5-883B9AE4F26C}.Debug|Any CPU.ActiveCfg = Debug|Any CPU
		{D52FD5F1-5E2F-4014-8AA5-883B9AE4F26C}.Debug|Any CPU.Build.0 = Debug|Any CPU
		{D52FD5F1-5E2F-4014-8AA5-883B9AE4F26C}.Release|Any CPU.ActiveCfg = Release|Any CPU
		{D52FD5F1-5E2F-4014-8AA5-883B9AE4F26C}.Release|Any CPU.Build.0 = Release|Any CPU
	EndGlobalSection
	GlobalSection(SolutionProperties) = preSolution
		HideSolutionNode = FALSE
	EndGlobalSection
	GlobalSection(ExtensibilityGlobals) = postSolution
		SolutionGuid = {A03C3715-996B-4172-9C89-A86C679E2677}
	EndGlobalSection
EndGlobal
