
Microsoft Visual Studio Solution File, Format Version 12.00
# Visual Studio Version 17
VisualStudioVersion = 17.7.34221.43
MinimumVisualStudioVersion = 10.0.40219.1
Project("{FAE04EC0-301F-11D3-BF4B-00C04F79EFBC}") = "Wifi.Playlist.FormsUI", "Wifi.Playlist.FormsUI\Wifi.Playlist.FormsUI.csproj", "{80B6BE81-E9F5-407F-A214-10DC236239A7}"
EndProject
Project("{FAE04EC0-301F-11D3-BF4B-00C04F79EFBC}") = "Wifi.Playlist.CoreTypes", "Wifi.Playlist.CoreTypes\Wifi.Playlist.CoreTypes.csproj", "{8B9F2D64-7CE4-46C3-A7AE-FF854178787A}"
EndProject
Project("{FAE04EC0-301F-11D3-BF4B-00C04F79EFBC}") = "Wifi.Playlist.Items", "Wifi.Playlist.Items\Wifi.Playlist.Items.csproj", "{F1E95AD3-AB90-412B-8740-5AB224698E9D}"
EndProject
Project("{FAE04EC0-301F-11D3-BF4B-00C04F79EFBC}") = "Wifi.Playlist.Repositories", "Wifi.Playlist.Repositories\Wifi.Playlist.Repositories.csproj", "{8758FCF0-33F3-4BC0-B7D9-379B79AA132C}"
EndProject
Project("{FAE04EC0-301F-11D3-BF4B-00C04F79EFBC}") = "Wifi.Playlist.CoreTypes.Test", "Wifi.Playlist.CoreTypes.Test\Wifi.Playlist.CoreTypes.Test.csproj", "{EF9F9029-8150-4868-84AB-92E717E49B2D}"
EndProject
Project("{FAE04EC0-301F-11D3-BF4B-00C04F79EFBC}") = "Wifi.Playlist.Items.Test", "Wifi.Playlist.Items.Test\Wifi.Playlist.Items.Test.csproj", "{8232026A-9EA0-48A8-A689-B2DF022C9836}"
EndProject
Project("{FAE04EC0-301F-11D3-BF4B-00C04F79EFBC}") = "Wifi.Playlist.Factories", "Wifi.Playlist.Factories\Wifi.Playlist.Factories.csproj", "{AEA0F9E7-E285-48C3-B695-6C406778DB6A}"
EndProject
Project("{FAE04EC0-301F-11D3-BF4B-00C04F79EFBC}") = "Wifi.Playlist.Repositories.Test", "Wifi.Playlist.Repositories.Test\Wifi.Playlist.Repositories.Test.csproj", "{F7CF5405-2D68-4A2A-9323-FF243CDC9E63}"
EndProject
Project("{FAE04EC0-301F-11D3-BF4B-00C04F79EFBC}") = "Wifi.Playlist.Weather", "D:\temp\Wifi.Playlist.Solution\Wifi.Playlist.Weather\Wifi.Playlist.Weather.csproj", "{AA27D7B0-FE02-44A8-A2EA-ED5447B34F9E}"
EndProject
Project("{FAE04EC0-301F-11D3-BF4B-00C04F79EFBC}") = "Wifi.Playlist.Weather.Test", "D:\temp\Wifi.Playlist.Solution\Wifi.Playlist.Weather.Test\Wifi.Playlist.Weather.Test.csproj", "{CA9011A9-FA35-403C-B775-A1E60DF0DE68}"
EndProject
Global
	GlobalSection(SolutionConfigurationPlatforms) = preSolution
		Debug|Any CPU = Debug|Any CPU
		Release|Any CPU = Release|Any CPU
	EndGlobalSection
	GlobalSection(ProjectConfigurationPlatforms) = postSolution
		{80B6BE81-E9F5-407F-A214-10DC236239A7}.Debug|Any CPU.ActiveCfg = Debug|Any CPU
		{80B6BE81-E9F5-407F-A214-10DC236239A7}.Debug|Any CPU.Build.0 = Debug|Any CPU
		{80B6BE81-E9F5-407F-A214-10DC236239A7}.Release|Any CPU.ActiveCfg = Release|Any CPU
		{80B6BE81-E9F5-407F-A214-10DC236239A7}.Release|Any CPU.Build.0 = Release|Any CPU
		{8B9F2D64-7CE4-46C3-A7AE-FF854178787A}.Debug|Any CPU.ActiveCfg = Debug|Any CPU
		{8B9F2D64-7CE4-46C3-A7AE-FF854178787A}.Debug|Any CPU.Build.0 = Debug|Any CPU
		{8B9F2D64-7CE4-46C3-A7AE-FF854178787A}.Release|Any CPU.ActiveCfg = Release|Any CPU
		{8B9F2D64-7CE4-46C3-A7AE-FF854178787A}.Release|Any CPU.Build.0 = Release|Any CPU
		{F1E95AD3-AB90-412B-8740-5AB224698E9D}.Debug|Any CPU.ActiveCfg = Debug|Any CPU
		{F1E95AD3-AB90-412B-8740-5AB224698E9D}.Debug|Any CPU.Build.0 = Debug|Any CPU
		{F1E95AD3-AB90-412B-8740-5AB224698E9D}.Release|Any CPU.ActiveCfg = Release|Any CPU
		{F1E95AD3-AB90-412B-8740-5AB224698E9D}.Release|Any CPU.Build.0 = Release|Any CPU
		{8758FCF0-33F3-4BC0-B7D9-379B79AA132C}.Debug|Any CPU.ActiveCfg = Debug|Any CPU
		{8758FCF0-33F3-4BC0-B7D9-379B79AA132C}.Debug|Any CPU.Build.0 = Debug|Any CPU
		{8758FCF0-33F3-4BC0-B7D9-379B79AA132C}.Release|Any CPU.ActiveCfg = Release|Any CPU
		{8758FCF0-33F3-4BC0-B7D9-379B79AA132C}.Release|Any CPU.Build.0 = Release|Any CPU
		{EF9F9029-8150-4868-84AB-92E717E49B2D}.Debug|Any CPU.ActiveCfg = Debug|Any CPU
		{EF9F9029-8150-4868-84AB-92E717E49B2D}.Debug|Any CPU.Build.0 = Debug|Any CPU
		{EF9F9029-8150-4868-84AB-92E717E49B2D}.Release|Any CPU.ActiveCfg = Release|Any CPU
		{EF9F9029-8150-4868-84AB-92E717E49B2D}.Release|Any CPU.Build.0 = Release|Any CPU
		{8232026A-9EA0-48A8-A689-B2DF022C9836}.Debug|Any CPU.ActiveCfg = Debug|Any CPU
		{8232026A-9EA0-48A8-A689-B2DF022C9836}.Debug|Any CPU.Build.0 = Debug|Any CPU
		{8232026A-9EA0-48A8-A689-B2DF022C9836}.Release|Any CPU.ActiveCfg = Release|Any CPU
		{8232026A-9EA0-48A8-A689-B2DF022C9836}.Release|Any CPU.Build.0 = Release|Any CPU
		{AEA0F9E7-E285-48C3-B695-6C406778DB6A}.Debug|Any CPU.ActiveCfg = Debug|Any CPU
		{AEA0F9E7-E285-48C3-B695-6C406778DB6A}.Debug|Any CPU.Build.0 = Debug|Any CPU
		{AEA0F9E7-E285-48C3-B695-6C406778DB6A}.Release|Any CPU.ActiveCfg = Release|Any CPU
		{AEA0F9E7-E285-48C3-B695-6C406778DB6A}.Release|Any CPU.Build.0 = Release|Any CPU
		{F7CF5405-2D68-4A2A-9323-FF243CDC9E63}.Debug|Any CPU.ActiveCfg = Debug|Any CPU
		{F7CF5405-2D68-4A2A-9323-FF243CDC9E63}.Debug|Any CPU.Build.0 = Debug|Any CPU
		{F7CF5405-2D68-4A2A-9323-FF243CDC9E63}.Release|Any CPU.ActiveCfg = Release|Any CPU
		{F7CF5405-2D68-4A2A-9323-FF243CDC9E63}.Release|Any CPU.Build.0 = Release|Any CPU
		{AA27D7B0-FE02-44A8-A2EA-ED5447B34F9E}.Debug|Any CPU.ActiveCfg = Debug|Any CPU
		{AA27D7B0-FE02-44A8-A2EA-ED5447B34F9E}.Debug|Any CPU.Build.0 = Debug|Any CPU
		{AA27D7B0-FE02-44A8-A2EA-ED5447B34F9E}.Release|Any CPU.ActiveCfg = Release|Any CPU
		{AA27D7B0-FE02-44A8-A2EA-ED5447B34F9E}.Release|Any CPU.Build.0 = Release|Any CPU
		{CA9011A9-FA35-403C-B775-A1E60DF0DE68}.Debug|Any CPU.ActiveCfg = Debug|Any CPU
		{CA9011A9-FA35-403C-B775-A1E60DF0DE68}.Debug|Any CPU.Build.0 = Debug|Any CPU
		{CA9011A9-FA35-403C-B775-A1E60DF0DE68}.Release|Any CPU.ActiveCfg = Release|Any CPU
		{CA9011A9-FA35-403C-B775-A1E60DF0DE68}.Release|Any CPU.Build.0 = Release|Any CPU
	EndGlobalSection
	GlobalSection(SolutionProperties) = preSolution
		HideSolutionNode = FALSE
	EndGlobalSection
	GlobalSection(ExtensibilityGlobals) = postSolution
		SolutionGuid = {F2DED510-86FC-4B7F-B67F-075761E8B10C}
	EndGlobalSection
EndGlobal
