
Microsoft Visual Studio Solution File, Format Version 12.00
# Visual Studio Version 17
VisualStudioVersion = 17.7.34018.315
MinimumVisualStudioVersion = 10.0.40219.1
Project("{FAE04EC0-301F-11D3-BF4B-00C04F79EFBC}") = "Wifi.Playlist.FormsUI", "Wifi.Playlist.FormsUI\Wifi.Playlist.FormsUI.csproj", "{1BB211F8-138C-4DC8-9C46-2EE46CA789A6}"
EndProject
Project("{FAE04EC0-301F-11D3-BF4B-00C04F79EFBC}") = "Wifi.Playlist.CoreTypes", "Wifi.Playlist.CoreTypes\Wifi.Playlist.CoreTypes.csproj", "{8D758641-8DA2-4D3A-A778-7F2EFEE8C4A2}"
EndProject
Project("{FAE04EC0-301F-11D3-BF4B-00C04F79EFBC}") = "Wifi.Playlist.Items", "Wifi.Playlist.Items\Wifi.Playlist.Items.csproj", "{3D860BA0-A12D-412C-BA7B-D6613C7A6346}"
EndProject
Project("{FAE04EC0-301F-11D3-BF4B-00C04F79EFBC}") = "Wifi.Playlist.Repositories", "Wifi.Playlist.Repositories\Wifi.Playlist.Repositories.csproj", "{23D221E4-3E9B-40BD-8D00-7E942FD1A96E}"
EndProject
Project("{FAE04EC0-301F-11D3-BF4B-00C04F79EFBC}") = "Wifi.Playlist.CoreTypes.Test", "Wifi.Playlist.CoreTypes.Test\Wifi.Playlist.CoreTypes.Test.csproj", "{7750B9F1-047B-442B-B7F4-2DDF02E7A068}"
EndProject
Project("{FAE04EC0-301F-11D3-BF4B-00C04F79EFBC}") = "Wifi.Playlist.Items.Test", "Wifi.Playlist.Items.Test\Wifi.Playlist.Items.Test.csproj", "{70FF5BCA-9984-42BF-B2BD-168A90186D54}"
EndProject
Global
	GlobalSection(SolutionConfigurationPlatforms) = preSolution
		Debug|Any CPU = Debug|Any CPU
		Release|Any CPU = Release|Any CPU
	EndGlobalSection
	GlobalSection(ProjectConfigurationPlatforms) = postSolution
		{1BB211F8-138C-4DC8-9C46-2EE46CA789A6}.Debug|Any CPU.ActiveCfg = Debug|Any CPU
		{1BB211F8-138C-4DC8-9C46-2EE46CA789A6}.Debug|Any CPU.Build.0 = Debug|Any CPU
		{1BB211F8-138C-4DC8-9C46-2EE46CA789A6}.Release|Any CPU.ActiveCfg = Release|Any CPU
		{1BB211F8-138C-4DC8-9C46-2EE46CA789A6}.Release|Any CPU.Build.0 = Release|Any CPU
		{8D758641-8DA2-4D3A-A778-7F2EFEE8C4A2}.Debug|Any CPU.ActiveCfg = Debug|Any CPU
		{8D758641-8DA2-4D3A-A778-7F2EFEE8C4A2}.Debug|Any CPU.Build.0 = Debug|Any CPU
		{8D758641-8DA2-4D3A-A778-7F2EFEE8C4A2}.Release|Any CPU.ActiveCfg = Release|Any CPU
		{8D758641-8DA2-4D3A-A778-7F2EFEE8C4A2}.Release|Any CPU.Build.0 = Release|Any CPU
		{3D860BA0-A12D-412C-BA7B-D6613C7A6346}.Debug|Any CPU.ActiveCfg = Debug|Any CPU
		{3D860BA0-A12D-412C-BA7B-D6613C7A6346}.Debug|Any CPU.Build.0 = Debug|Any CPU
		{3D860BA0-A12D-412C-BA7B-D6613C7A6346}.Release|Any CPU.ActiveCfg = Release|Any CPU
		{3D860BA0-A12D-412C-BA7B-D6613C7A6346}.Release|Any CPU.Build.0 = Release|Any CPU
		{23D221E4-3E9B-40BD-8D00-7E942FD1A96E}.Debug|Any CPU.ActiveCfg = Debug|Any CPU
		{23D221E4-3E9B-40BD-8D00-7E942FD1A96E}.Debug|Any CPU.Build.0 = Debug|Any CPU
		{23D221E4-3E9B-40BD-8D00-7E942FD1A96E}.Release|Any CPU.ActiveCfg = Release|Any CPU
		{23D221E4-3E9B-40BD-8D00-7E942FD1A96E}.Release|Any CPU.Build.0 = Release|Any CPU
		{7750B9F1-047B-442B-B7F4-2DDF02E7A068}.Debug|Any CPU.ActiveCfg = Debug|Any CPU
		{7750B9F1-047B-442B-B7F4-2DDF02E7A068}.Debug|Any CPU.Build.0 = Debug|Any CPU
		{7750B9F1-047B-442B-B7F4-2DDF02E7A068}.Release|Any CPU.ActiveCfg = Release|Any CPU
		{7750B9F1-047B-442B-B7F4-2DDF02E7A068}.Release|Any CPU.Build.0 = Release|Any CPU
		{70FF5BCA-9984-42BF-B2BD-168A90186D54}.Debug|Any CPU.ActiveCfg = Debug|Any CPU
		{70FF5BCA-9984-42BF-B2BD-168A90186D54}.Debug|Any CPU.Build.0 = Debug|Any CPU
		{70FF5BCA-9984-42BF-B2BD-168A90186D54}.Release|Any CPU.ActiveCfg = Release|Any CPU
		{70FF5BCA-9984-42BF-B2BD-168A90186D54}.Release|Any CPU.Build.0 = Release|Any CPU
	EndGlobalSection
	GlobalSection(SolutionProperties) = preSolution
		HideSolutionNode = FALSE
	EndGlobalSection
	GlobalSection(ExtensibilityGlobals) = postSolution
		SolutionGuid = {EBD26EA7-398E-4888-B9C4-DAD5A9FE65FC}
	EndGlobalSection
EndGlobal
