
Microsoft Visual Studio Solution File, Format Version 12.00
# Visual Studio Version 17
VisualStudioVersion = 17.7.34202.233
MinimumVisualStudioVersion = 10.0.40219.1
Project("{FAE04EC0-301F-11D3-BF4B-00C04F79EFBC}") = "Polymorphie", "Polymorphie\Polymorphie.csproj", "{8EE868AA-13A6-4DEF-B117-5E852BA7D107}"
EndProject
Global
	GlobalSection(SolutionConfigurationPlatforms) = preSolution
		Debug|Any CPU = Debug|Any CPU
		Release|Any CPU = Release|Any CPU
	EndGlobalSection
	GlobalSection(ProjectConfigurationPlatforms) = postSolution
		{8EE868AA-13A6-4DEF-B117-5E852BA7D107}.Debug|Any CPU.ActiveCfg = Debug|Any CPU
		{8EE868AA-13A6-4DEF-B117-5E852BA7D107}.Debug|Any CPU.Build.0 = Debug|Any CPU
		{8EE868AA-13A6-4DEF-B117-5E852BA7D107}.Release|Any CPU.ActiveCfg = Release|Any CPU
		{8EE868AA-13A6-4DEF-B117-5E852BA7D107}.Release|Any CPU.Build.0 = Release|Any CPU
	EndGlobalSection
	GlobalSection(SolutionProperties) = preSolution
		HideSolutionNode = FALSE
	EndGlobalSection
	GlobalSection(ExtensibilityGlobals) = postSolution
		SolutionGuid = {2813C27F-8B2F-4E59-8E74-FAA9785F92C8}
	EndGlobalSection
EndGlobal
