
Microsoft Visual Studio Solution File, Format Version 12.00
# Visual Studio Version 17
VisualStudioVersion = 17.8.34316.72
MinimumVisualStudioVersion = 10.0.40219.1
Project("{FAE04EC0-301F-11D3-BF4B-00C04F79EFBC}") = "Extension Methods basics", "Extension Methods basics\Extension Methods basics.csproj", "{F3A5F3D4-8019-4C6E-881F-521DA20B0885}"
EndProject
Global
	GlobalSection(SolutionConfigurationPlatforms) = preSolution
		Debug|Any CPU = Debug|Any CPU
		Release|Any CPU = Release|Any CPU
	EndGlobalSection
	GlobalSection(ProjectConfigurationPlatforms) = postSolution
		{F3A5F3D4-8019-4C6E-881F-521DA20B0885}.Debug|Any CPU.ActiveCfg = Debug|Any CPU
		{F3A5F3D4-8019-4C6E-881F-521DA20B0885}.Debug|Any CPU.Build.0 = Debug|Any CPU
		{F3A5F3D4-8019-4C6E-881F-521DA20B0885}.Release|Any CPU.ActiveCfg = Release|Any CPU
		{F3A5F3D4-8019-4C6E-881F-521DA20B0885}.Release|Any CPU.Build.0 = Release|Any CPU
	EndGlobalSection
	GlobalSection(SolutionProperties) = preSolution
		HideSolutionNode = FALSE
	EndGlobalSection
	GlobalSection(ExtensibilityGlobals) = postSolution
		SolutionGuid = {B133A698-04F6-4371-87ED-28C572465AAC}
	EndGlobalSection
EndGlobal
