
Microsoft Visual Studio Solution File, Format Version 12.00
# Visual Studio Version 17
VisualStudioVersion = 17.7.34202.233
MinimumVisualStudioVersion = 10.0.40219.1
Project("{FAE04EC0-301F-11D3-BF4B-00C04F79EFBC}") = "Grundlagen_Arrays", "Grundlagen_Arrays\Grundlagen_Arrays.csproj", "{FBB499CE-1FA5-4FDF-A59E-54F44A4CFD9B}"
EndProject
Global
	GlobalSection(SolutionConfigurationPlatforms) = preSolution
		Debug|Any CPU = Debug|Any CPU
		Release|Any CPU = Release|Any CPU
	EndGlobalSection
	GlobalSection(ProjectConfigurationPlatforms) = postSolution
		{FBB499CE-1FA5-4FDF-A59E-54F44A4CFD9B}.Debug|Any CPU.ActiveCfg = Debug|Any CPU
		{FBB499CE-1FA5-4FDF-A59E-54F44A4CFD9B}.Debug|Any CPU.Build.0 = Debug|Any CPU
		{FBB499CE-1FA5-4FDF-A59E-54F44A4CFD9B}.Release|Any CPU.ActiveCfg = Release|Any CPU
		{FBB499CE-1FA5-4FDF-A59E-54F44A4CFD9B}.Release|Any CPU.Build.0 = Release|Any CPU
	EndGlobalSection
	GlobalSection(SolutionProperties) = preSolution
		HideSolutionNode = FALSE
	EndGlobalSection
	GlobalSection(ExtensibilityGlobals) = postSolution
		SolutionGuid = {A5BB5BB9-9B44-4BA2-89BF-232EC0D80005}
	EndGlobalSection
EndGlobal
