
Microsoft Visual Studio Solution File, Format Version 12.00
# Visual Studio Version 17
VisualStudioVersion = 17.7.34202.233
MinimumVisualStudioVersion = 10.0.40219.1
Project("{FAE04EC0-301F-11D3-BF4B-00C04F79EFBC}") = "Shapes", "Shapes\Shapes.csproj", "{068D221C-A867-4AE2-99A5-C069D7D9E6C7}"
EndProject
Global
	GlobalSection(SolutionConfigurationPlatforms) = preSolution
		Debug|Any CPU = Debug|Any CPU
		Release|Any CPU = Release|Any CPU
	EndGlobalSection
	GlobalSection(ProjectConfigurationPlatforms) = postSolution
		{068D221C-A867-4AE2-99A5-C069D7D9E6C7}.Debug|Any CPU.ActiveCfg = Debug|Any CPU
		{068D221C-A867-4AE2-99A5-C069D7D9E6C7}.Debug|Any CPU.Build.0 = Debug|Any CPU
		{068D221C-A867-4AE2-99A5-C069D7D9E6C7}.Release|Any CPU.ActiveCfg = Release|Any CPU
		{068D221C-A867-4AE2-99A5-C069D7D9E6C7}.Release|Any CPU.Build.0 = Release|Any CPU
	EndGlobalSection
	GlobalSection(SolutionProperties) = preSolution
		HideSolutionNode = FALSE
	EndGlobalSection
	GlobalSection(ExtensibilityGlobals) = postSolution
		SolutionGuid = {BF683644-03C6-4EC6-A186-A006C10595EE}
	EndGlobalSection
EndGlobal
