
Microsoft Visual Studio Solution File, Format Version 12.00
# Visual Studio Version 17
VisualStudioVersion = 17.7.34018.315
MinimumVisualStudioVersion = 10.0.40219.1
Project("{FAE04EC0-301F-11D3-BF4B-00C04F79EFBC}") = "OperatorenGL", "OperatorenGL\OperatorenGL.csproj", "{9B34CD2D-6B4D-41AB-B618-9FD6CBEC9E9C}"
EndProject
Global
	GlobalSection(SolutionConfigurationPlatforms) = preSolution
		Debug|Any CPU = Debug|Any CPU
		Release|Any CPU = Release|Any CPU
	EndGlobalSection
	GlobalSection(ProjectConfigurationPlatforms) = postSolution
		{9B34CD2D-6B4D-41AB-B618-9FD6CBEC9E9C}.Debug|Any CPU.ActiveCfg = Debug|Any CPU
		{9B34CD2D-6B4D-41AB-B618-9FD6CBEC9E9C}.Debug|Any CPU.Build.0 = Debug|Any CPU
		{9B34CD2D-6B4D-41AB-B618-9FD6CBEC9E9C}.Release|Any CPU.ActiveCfg = Release|Any CPU
		{9B34CD2D-6B4D-41AB-B618-9FD6CBEC9E9C}.Release|Any CPU.Build.0 = Release|Any CPU
	EndGlobalSection
	GlobalSection(SolutionProperties) = preSolution
		HideSolutionNode = FALSE
	EndGlobalSection
	GlobalSection(ExtensibilityGlobals) = postSolution
		SolutionGuid = {76F73C2F-ACF4-46B5-AFD7-B3915F781DCD}
	EndGlobalSection
EndGlobal
